// !$*UTF8*$!
{
	archiveVersion = 1;
	classes = {
	};
	objectVersion = 55;
	objects = {

/* Begin PBXBuildFile section */
		2B9741082897C77E000C3373 /* AppDelegate.swift in Sources */ = {isa = PBXBuildFile; fileRef = 2B9741072897C77E000C3373 /* AppDelegate.swift */; };
		2B97410A2897C77E000C3373 /* SceneDelegate.swift in Sources */ = {isa = PBXBuildFile; fileRef = 2B9741092897C77E000C3373 /* SceneDelegate.swift */; };
		2B97410F2897C77E000C3373 /* Main.storyboard in Resources */ = {isa = PBXBuildFile; fileRef = 2B97410D2897C77E000C3373 /* Main.storyboard */; };
		2B9741112897C781000C3373 /* Assets.xcassets in Resources */ = {isa = PBXBuildFile; fileRef = 2B9741102897C781000C3373 /* Assets.xcassets */; };
		2B9741142897C781000C3373 /* LaunchScreen.storyboard in Resources */ = {isa = PBXBuildFile; fileRef = 2B9741122897C781000C3373 /* LaunchScreen.storyboard */; };
		2B9741212897F2E7000C3373 /* TaskList.swift in Sources */ = {isa = PBXBuildFile; fileRef = 2B9741202897F2E7000C3373 /* TaskList.swift */; };
		2B9741242897F410000C3373 /* DataManager.swift in Sources */ = {isa = PBXBuildFile; fileRef = 2B9741232897F410000C3373 /* DataManager.swift */; };
		2B9741262897F9B9000C3373 /* StorageManager.swift in Sources */ = {isa = PBXBuildFile; fileRef = 2B9741252897F9B9000C3373 /* StorageManager.swift */; };
		2B9741282897FC39000C3373 /* TaskListViewController.swift in Sources */ = {isa = PBXBuildFile; fileRef = 2B9741272897FC39000C3373 /* TaskListViewController.swift */; };
		2B97412A28980ADC000C3373 /* TasksTableViewController.swift in Sources */ = {isa = PBXBuildFile; fileRef = 2B97412928980ADC000C3373 /* TasksTableViewController.swift */; };
		2B97412D289814D4000C3373 /* Extension + UIAlertController.swift in Sources */ = {isa = PBXBuildFile; fileRef = 2B97412C289814D4000C3373 /* Extension + UIAlertController.swift */; };
		E59BE1EE1649458D8E2939F6 /* Pods_ToDoList_Realm.framework in Frameworks */ = {isa = PBXBuildFile; fileRef = CEFB8104B8E9ABC3B8FA0EF3 /* Pods_ToDoList_Realm.framework */; };
/* End PBXBuildFile section */

/* Begin PBXFileReference section */
		2B9741042897C77E000C3373 /* ToDoList_Realm.app */ = {isa = PBXFileReference; explicitFileType = wrapper.application; includeInIndex = 0; path = ToDoList_Realm.app; sourceTree = BUILT_PRODUCTS_DIR; };
		2B9741072897C77E000C3373 /* AppDelegate.swift */ = {isa = PBXFileReference; lastKnownFileType = sourcecode.swift; path = AppDelegate.swift; sourceTree = "<group>"; };
		2B9741092897C77E000C3373 /* SceneDelegate.swift */ = {isa = PBXFileReference; lastKnownFileType = sourcecode.swift; path = SceneDelegate.swift; sourceTree = "<group>"; };
		2B97410E2897C77E000C3373 /* Base */ = {isa = PBXFileReference; lastKnownFileType = file.storyboard; name = Base; path = Base.lproj/Main.storyboard; sourceTree = "<group>"; };
		2B9741102897C781000C3373 /* Assets.xcassets */ = {isa = PBXFileReference; lastKnownFileType = folder.assetcatalog; path = Assets.xcassets; sourceTree = "<group>"; };
		2B9741132897C781000C3373 /* Base */ = {isa = PBXFileReference; lastKnownFileType = file.storyboard; name = Base; path = Base.lproj/LaunchScreen.storyboard; sourceTree = "<group>"; };
		2B9741152897C781000C3373 /* Info.plist */ = {isa = PBXFileReference; lastKnownFileType = text.plist.xml; path = Info.plist; sourceTree = "<group>"; };
		2B9741202897F2E7000C3373 /* TaskList.swift */ = {isa = PBXFileReference; lastKnownFileType = sourcecode.swift; path = TaskList.swift; sourceTree = "<group>"; };
		2B9741232897F410000C3373 /* DataManager.swift */ = {isa = PBXFileReference; lastKnownFileType = sourcecode.swift; path = DataManager.swift; sourceTree = "<group>"; };
		2B9741252897F9B9000C3373 /* StorageManager.swift */ = {isa = PBXFileReference; lastKnownFileType = sourcecode.swift; path = StorageManager.swift; sourceTree = "<group>"; };
		2B9741272897FC39000C3373 /* TaskListViewController.swift */ = {isa = PBXFileReference; lastKnownFileType = sourcecode.swift; path = TaskListViewController.swift; sourceTree = "<group>"; };
		2B97412928980ADC000C3373 /* TasksTableViewController.swift */ = {isa = PBXFileReference; lastKnownFileType = sourcecode.swift; path = TasksTableViewController.swift; sourceTree = "<group>"; };
		2B97412C289814D4000C3373 /* Extension + UIAlertController.swift */ = {isa = PBXFileReference; lastKnownFileType = sourcecode.swift; path = "Extension + UIAlertController.swift"; sourceTree = "<group>"; };
		A0A836F11F08EBBD4DD4A416 /* Pods-ToDoList_Realm.release.xcconfig */ = {isa = PBXFileReference; includeInIndex = 1; lastKnownFileType = text.xcconfig; name = "Pods-ToDoList_Realm.release.xcconfig"; path = "Target Support Files/Pods-ToDoList_Realm/Pods-ToDoList_Realm.release.xcconfig"; sourceTree = "<group>"; };
		CEFB8104B8E9ABC3B8FA0EF3 /* Pods_ToDoList_Realm.framework */ = {isa = PBXFileReference; explicitFileType = wrapper.framework; includeInIndex = 0; path = Pods_ToDoList_Realm.framework; sourceTree = BUILT_PRODUCTS_DIR; };
		DA09F780AB36EABBA8A8838F /* Pods-ToDoList_Realm.debug.xcconfig */ = {isa = PBXFileReference; includeInIndex = 1; lastKnownFileType = text.xcconfig; name = "Pods-ToDoList_Realm.debug.xcconfig"; path = "Target Support Files/Pods-ToDoList_Realm/Pods-ToDoList_Realm.debug.xcconfig"; sourceTree = "<group>"; };
/* End PBXFileReference section */

/* Begin PBXFrameworksBuildPhase section */
		2B9741012897C77D000C3373 /* Frameworks */ = {
			isa = PBXFrameworksBuildPhase;
			buildActionMask = 2147483647;
			files = (
				E59BE1EE1649458D8E2939F6 /* Pods_ToDoList_Realm.framework in Frameworks */,
			);
			runOnlyForDeploymentPostprocessing = 0;
		};
/* End PBXFrameworksBuildPhase section */

/* Begin PBXGroup section */
		298DEAC7ECE7313CEAED4D7D /* Pods */ = {
			isa = PBXGroup;
			children = (
				DA09F780AB36EABBA8A8838F /* Pods-ToDoList_Realm.debug.xcconfig */,
				A0A836F11F08EBBD4DD4A416 /* Pods-ToDoList_Realm.release.xcconfig */,
			);
			path = Pods;
			sourceTree = "<group>";
		};
		2B9740FB2897C77D000C3373 = {
			isa = PBXGroup;
			children = (
				2B9741062897C77E000C3373 /* ToDoList_Realm */,
				2B9741052897C77E000C3373 /* Products */,
				298DEAC7ECE7313CEAED4D7D /* Pods */,
				9C8BA865CB2BC3A0C244458D /* Frameworks */,
			);
			sourceTree = "<group>";
		};
		2B9741052897C77E000C3373 /* Products */ = {
			isa = PBXGroup;
			children = (
				2B9741042897C77E000C3373 /* ToDoList_Realm.app */,
			);
			name = Products;
			sourceTree = "<group>";
		};
		2B9741062897C77E000C3373 /* ToDoList_Realm */ = {
			isa = PBXGroup;
			children = (
				2B97411D2897C809000C3373 /* App */,
				2B97412B28981496000C3373 /* Extensions */,
				2B97411F2897F2D3000C3373 /* Models */,
				2B9741222897F3FB000C3373 /* Services */,
				2B97411E2897C863000C3373 /* ViewControllers */,
				2B97411C2897C7DF000C3373 /* Storyboards */,
				2B97411B2897C7D3000C3373 /* Resources */,
			);
			path = ToDoList_Realm;
			sourceTree = "<group>";
		};
		2B97411B2897C7D3000C3373 /* Resources */ = {
			isa = PBXGroup;
			children = (
				2B9741102897C781000C3373 /* Assets.xcassets */,
			);
			path = Resources;
			sourceTree = "<group>";
		};
		2B97411C2897C7DF000C3373 /* Storyboards */ = {
			isa = PBXGroup;
			children = (
				2B97410D2897C77E000C3373 /* Main.storyboard */,
				2B9741122897C781000C3373 /* LaunchScreen.storyboard */,
			);
			path = Storyboards;
			sourceTree = "<group>";
		};
		2B97411D2897C809000C3373 /* App */ = {
			isa = PBXGroup;
			children = (
				2B9741072897C77E000C3373 /* AppDelegate.swift */,
				2B9741092897C77E000C3373 /* SceneDelegate.swift */,
				2B9741152897C781000C3373 /* Info.plist */,
			);
			path = App;
			sourceTree = "<group>";
		};
		2B97411E2897C863000C3373 /* ViewControllers */ = {
			isa = PBXGroup;
			children = (
				2B9741272897FC39000C3373 /* TaskListViewController.swift */,
				2B97412928980ADC000C3373 /* TasksTableViewController.swift */,
			);
			path = ViewControllers;
			sourceTree = "<group>";
		};
		2B97411F2897F2D3000C3373 /* Models */ = {
			isa = PBXGroup;
			children = (
				2B9741202897F2E7000C3373 /* TaskList.swift */,
			);
			path = Models;
			sourceTree = "<group>";
		};
		2B9741222897F3FB000C3373 /* Services */ = {
			isa = PBXGroup;
			children = (
				2B9741232897F410000C3373 /* DataManager.swift */,
				2B9741252897F9B9000C3373 /* StorageManager.swift */,
			);
			path = Services;
			sourceTree = "<group>";
		};
		2B97412B28981496000C3373 /* Extensions */ = {
			isa = PBXGroup;
			children = (
				2B97412C289814D4000C3373 /* Extension + UIAlertController.swift */,
			);
			path = Extensions;
			sourceTree = "<group>";
		};
		9C8BA865CB2BC3A0C244458D /* Frameworks */ = {
			isa = PBXGroup;
			children = (
				CEFB8104B8E9ABC3B8FA0EF3 /* Pods_ToDoList_Realm.framework */,
			);
			name = Frameworks;
			sourceTree = "<group>";
		};
/* End PBXGroup section */

/* Begin PBXNativeTarget section */
		2B9741032897C77D000C3373 /* ToDoList_Realm */ = {
			isa = PBXNativeTarget;
			buildConfigurationList = 2B9741182897C781000C3373 /* Build configuration list for PBXNativeTarget "ToDoList_Realm" */;
			buildPhases = (
				A9ACDBA4C4C52492E93F2991 /* [CP] Check Pods Manifest.lock */,
				2B9741002897C77D000C3373 /* Sources */,
				2B9741012897C77D000C3373 /* Frameworks */,
				2B9741022897C77D000C3373 /* Resources */,
				61BEB38ABB4B034166248841 /* [CP] Embed Pods Frameworks */,
			);
			buildRules = (
			);
			dependencies = (
			);
			name = ToDoList_Realm;
			productName = ToDoList_Realm;
			productReference = 2B9741042897C77E000C3373 /* ToDoList_Realm.app */;
			productType = "com.apple.product-type.application";
		};
/* End PBXNativeTarget section */

/* Begin PBXProject section */
		2B9740FC2897C77D000C3373 /* Project object */ = {
			isa = PBXProject;
			attributes = {
				BuildIndependentTargetsInParallel = 1;
				LastSwiftUpdateCheck = 1340;
				LastUpgradeCheck = 1340;
				TargetAttributes = {
					2B9741032897C77D000C3373 = {
						CreatedOnToolsVersion = 13.4;
					};
				};
			};
			buildConfigurationList = 2B9740FF2897C77D000C3373 /* Build configuration list for PBXProject "ToDoList_Realm" */;
			compatibilityVersion = "Xcode 13.0";
			developmentRegion = en;
			hasScannedForEncodings = 0;
			knownRegions = (
				en,
				Base,
			);
			mainGroup = 2B9740FB2897C77D000C3373;
			productRefGroup = 2B9741052897C77E000C3373 /* Products */;
			projectDirPath = "";
			projectRoot = "";
			targets = (
				2B9741032897C77D000C3373 /* ToDoList_Realm */,
			);
		};
/* End PBXProject section */

/* Begin PBXResourcesBuildPhase section */
		2B9741022897C77D000C3373 /* Resources */ = {
			isa = PBXResourcesBuildPhase;
			buildActionMask = 2147483647;
			files = (
				2B9741142897C781000C3373 /* LaunchScreen.storyboard in Resources */,
				2B9741112897C781000C3373 /* Assets.xcassets in Resources */,
				2B97410F2897C77E000C3373 /* Main.storyboard in Resources */,
			);
			runOnlyForDeploymentPostprocessing = 0;
		};
/* End PBXResourcesBuildPhase section */

/* Begin PBXShellScriptBuildPhase section */
		61BEB38ABB4B034166248841 /* [CP] Embed Pods Frameworks */ = {
			isa = PBXShellScriptBuildPhase;
			buildActionMask = 2147483647;
			files = (
			);
			inputFileListPaths = (
				"${PODS_ROOT}/Target Support Files/Pods-ToDoList_Realm/Pods-ToDoList_Realm-frameworks-${CONFIGURATION}-input-files.xcfilelist",
			);
			name = "[CP] Embed Pods Frameworks";
			outputFileListPaths = (
				"${PODS_ROOT}/Target Support Files/Pods-ToDoList_Realm/Pods-ToDoList_Realm-frameworks-${CONFIGURATION}-output-files.xcfilelist",
			);
			runOnlyForDeploymentPostprocessing = 0;
			shellPath = /bin/sh;
			shellScript = "\"${PODS_ROOT}/Target Support Files/Pods-ToDoList_Realm/Pods-ToDoList_Realm-frameworks.sh\"\n";
			showEnvVarsInLog = 0;
		};
		A9ACDBA4C4C52492E93F2991 /* [CP] Check Pods Manifest.lock */ = {
			isa = PBXShellScriptBuildPhase;
			buildActionMask = 2147483647;
			files = (
			);
			inputFileListPaths = (
			);
			inputPaths = (
				"${PODS_PODFILE_DIR_PATH}/Podfile.lock",
				"${PODS_ROOT}/Manifest.lock",
			);
			name = "[CP] Check Pods Manifest.lock";
			outputFileListPaths = (
			);
			outputPaths = (
				"$(DERIVED_FILE_DIR)/Pods-ToDoList_Realm-checkManifestLockResult.txt",
			);
			runOnlyForDeploymentPostprocessing = 0;
			shellPath = /bin/sh;
			shellScript = "diff \"${PODS_PODFILE_DIR_PATH}/Podfile.lock\" \"${PODS_ROOT}/Manifest.lock\" > /dev/null\nif [ $? != 0 ] ; then\n    # print error to STDERR\n    echo \"error: The sandbox is not in sync with the Podfile.lock. Run 'pod install' or update your CocoaPods installation.\" >&2\n    exit 1\nfi\n# This output is used by Xcode 'outputs' to avoid re-running this script phase.\necho \"SUCCESS\" > \"${SCRIPT_OUTPUT_FILE_0}\"\n";
			showEnvVarsInLog = 0;
		};
/* End PBXShellScriptBuildPhase section */

/* Begin PBXSourcesBuildPhase section */
		2B9741002897C77D000C3373 /* Sources */ = {
			isa = PBXSourcesBuildPhase;
			buildActionMask = 2147483647;
			files = (
				2B97412D289814D4000C3373 /* Extension + UIAlertController.swift in Sources */,
				2B9741212897F2E7000C3373 /* TaskList.swift in Sources */,
				2B9741242897F410000C3373 /* DataManager.swift in Sources */,
				2B9741262897F9B9000C3373 /* StorageManager.swift in Sources */,
				2B9741082897C77E000C3373 /* AppDelegate.swift in Sources */,
				2B97410A2897C77E000C3373 /* SceneDelegate.swift in Sources */,
				2B97412A28980ADC000C3373 /* TasksTableViewController.swift in Sources */,
				2B9741282897FC39000C3373 /* TaskListViewController.swift in Sources */,
			);
			runOnlyForDeploymentPostprocessing = 0;
		};
/* End PBXSourcesBuildPhase section */

/* Begin PBXVariantGroup section */
		2B97410D2897C77E000C3373 /* Main.storyboard */ = {
			isa = PBXVariantGroup;
			children = (
				2B97410E2897C77E000C3373 /* Base */,
			);
			name = Main.storyboard;
			sourceTree = "<group>";
		};
		2B9741122897C781000C3373 /* LaunchScreen.storyboard */ = {
			isa = PBXVariantGroup;
			children = (
				2B9741132897C781000C3373 /* Base */,
			);
			name = LaunchScreen.storyboard;
			sourceTree = "<group>";
		};
/* End PBXVariantGroup section */

/* Begin XCBuildConfiguration section */
		2B9741162897C781000C3373 /* Debug */ = {
			isa = XCBuildConfiguration;
			buildSettings = {
				ALWAYS_SEARCH_USER_PATHS = NO;
				CLANG_ANALYZER_NONNULL = YES;
				CLANG_ANALYZER_NUMBER_OBJECT_CONVERSION = YES_AGGRESSIVE;
				CLANG_CXX_LANGUAGE_STANDARD = "gnu++17";
				CLANG_ENABLE_MODULES = YES;
				CLANG_ENABLE_OBJC_ARC = YES;
				CLANG_ENABLE_OBJC_WEAK = YES;
				CLANG_WARN_BLOCK_CAPTURE_AUTORELEASING = YES;
				CLANG_WARN_BOOL_CONVERSION = YES;
				CLANG_WARN_COMMA = YES;
				CLANG_WARN_CONSTANT_CONVERSION = YES;
				CLANG_WARN_DEPRECATED_OBJC_IMPLEMENTATIONS = YES;
				CLANG_WARN_DIRECT_OBJC_ISA_USAGE = YES_ERROR;
				CLANG_WARN_DOCUMENTATION_COMMENTS = YES;
				CLANG_WARN_EMPTY_BODY = YES;
				CLANG_WARN_ENUM_CONVERSION = YES;
				CLANG_WARN_INFINITE_RECURSION = YES;
				CLANG_WARN_INT_CONVERSION = YES;
				CLANG_WARN_NON_LITERAL_NULL_CONVERSION = YES;
				CLANG_WARN_OBJC_IMPLICIT_RETAIN_SELF = YES;
				CLANG_WARN_OBJC_LITERAL_CONVERSION = YES;
				CLANG_WARN_OBJC_ROOT_CLASS = YES_ERROR;
				CLANG_WARN_QUOTED_INCLUDE_IN_FRAMEWORK_HEADER = YES;
				CLANG_WARN_RANGE_LOOP_ANALYSIS = YES;
				CLANG_WARN_STRICT_PROTOTYPES = YES;
				CLANG_WARN_SUSPICIOUS_MOVE = YES;
				CLANG_WARN_UNGUARDED_AVAILABILITY = YES_AGGRESSIVE;
				CLANG_WARN_UNREACHABLE_CODE = YES;
				CLANG_WARN__DUPLICATE_METHOD_MATCH = YES;
				COPY_PHASE_STRIP = NO;
				DEBUG_INFORMATION_FORMAT = dwarf;
				ENABLE_STRICT_OBJC_MSGSEND = YES;
				ENABLE_TESTABILITY = YES;
				GCC_C_LANGUAGE_STANDARD = gnu11;
				GCC_DYNAMIC_NO_PIC = NO;
				GCC_NO_COMMON_BLOCKS = YES;
				GCC_OPTIMIZATION_LEVEL = 0;
				GCC_PREPROCESSOR_DEFINITIONS = (
					"DEBUG=1",
					"$(inherited)",
				);
				GCC_WARN_64_TO_32_BIT_CONVERSION = YES;
				GCC_WARN_ABOUT_RETURN_TYPE = YES_ERROR;
				GCC_WARN_UNDECLARED_SELECTOR = YES;
				GCC_WARN_UNINITIALIZED_AUTOS = YES_AGGRESSIVE;
				GCC_WARN_UNUSED_FUNCTION = YES;
				GCC_WARN_UNUSED_VARIABLE = YES;
				IPHONEOS_DEPLOYMENT_TARGET = 15.5;
				MTL_ENABLE_DEBUG_INFO = INCLUDE_SOURCE;
				MTL_FAST_MATH = YES;
				ONLY_ACTIVE_ARCH = YES;
				SDKROOT = iphoneos;
				SWIFT_ACTIVE_COMPILATION_CONDITIONS = DEBUG;
				SWIFT_OPTIMIZATION_LEVEL = "-Onone";
			};
			name = Debug;
		};
		2B9741172897C781000C3373 /* Release */ = {
			isa = XCBuildConfiguration;
			buildSettings = {
				ALWAYS_SEARCH_USER_PATHS = NO;
				CLANG_ANALYZER_NONNULL = YES;
				CLANG_ANALYZER_NUMBER_OBJECT_CONVERSION = YES_AGGRESSIVE;
				CLANG_CXX_LANGUAGE_STANDARD = "gnu++17";
				CLANG_ENABLE_MODULES = YES;
				CLANG_ENABLE_OBJC_ARC = YES;
				CLANG_ENABLE_OBJC_WEAK = YES;
				CLANG_WARN_BLOCK_CAPTURE_AUTORELEASING = YES;
				CLANG_WARN_BOOL_CONVERSION = YES;
				CLANG_WARN_COMMA = YES;
				CLANG_WARN_CONSTANT_CONVERSION = YES;
				CLANG_WARN_DEPRECATED_OBJC_IMPLEMENTATIONS = YES;
				CLANG_WARN_DIRECT_OBJC_ISA_USAGE = YES_ERROR;
				CLANG_WARN_DOCUMENTATION_COMMENTS = YES;
				CLANG_WARN_EMPTY_BODY = YES;
				CLANG_WARN_ENUM_CONVERSION = YES;
				CLANG_WARN_INFINITE_RECURSION = YES;
				CLANG_WARN_INT_CONVERSION = YES;
				CLANG_WARN_NON_LITERAL_NULL_CONVERSION = YES;
				CLANG_WARN_OBJC_IMPLICIT_RETAIN_SELF = YES;
				CLANG_WARN_OBJC_LITERAL_CONVERSION = YES;
				CLANG_WARN_OBJC_ROOT_CLASS = YES_ERROR;
				CLANG_WARN_QUOTED_INCLUDE_IN_FRAMEWORK_HEADER = YES;
				CLANG_WARN_RANGE_LOOP_ANALYSIS = YES;
				CLANG_WARN_STRICT_PROTOTYPES = YES;
				CLANG_WARN_SUSPICIOUS_MOVE = YES;
				CLANG_WARN_UNGUARDED_AVAILABILITY = YES_AGGRESSIVE;
				CLANG_WARN_UNREACHABLE_CODE = YES;
				CLANG_WARN__DUPLICATE_METHOD_MATCH = YES;
				COPY_PHASE_STRIP = NO;
				DEBUG_INFORMATION_FORMAT = "dwarf-with-dsym";
				ENABLE_NS_ASSERTIONS = NO;
				ENABLE_STRICT_OBJC_MSGSEND = YES;
				GCC_C_LANGUAGE_STANDARD = gnu11;
				GCC_NO_COMMON_BLOCKS = YES;
				GCC_WARN_64_TO_32_BIT_CONVERSION = YES;
				GCC_WARN_ABOUT_RETURN_TYPE = YES_ERROR;
				GCC_WARN_UNDECLARED_SELECTOR = YES;
				GCC_WARN_UNINITIALIZED_AUTOS = YES_AGGRESSIVE;
				GCC_WARN_UNUSED_FUNCTION = YES;
				GCC_WARN_UNUSED_VARIABLE = YES;
				IPHONEOS_DEPLOYMENT_TARGET = 15.5;
				MTL_ENABLE_DEBUG_INFO = NO;
				MTL_FAST_MATH = YES;
				SDKROOT = iphoneos;
				SWIFT_COMPILATION_MODE = wholemodule;
				SWIFT_OPTIMIZATION_LEVEL = "-O";
				VALIDATE_PRODUCT = YES;
			};
			name = Release;
		};
		2B9741192897C781000C3373 /* Debug */ = {
			isa = XCBuildConfiguration;
			baseConfigurationReference = DA09F780AB36EABBA8A8838F /* Pods-ToDoList_Realm.debug.xcconfig */;
			buildSettings = {
				ASSETCATALOG_COMPILER_APPICON_NAME = AppIcon;
				ASSETCATALOG_COMPILER_GLOBAL_ACCENT_COLOR_NAME = AccentColor;
				CODE_SIGN_STYLE = Automatic;
				CURRENT_PROJECT_VERSION = 1;
				DEVELOPMENT_TEAM = RB3BCBLCA6;
				GENERATE_INFOPLIST_FILE = YES;
				INFOPLIST_FILE = ToDoList_Realm/App/Info.plist;
				INFOPLIST_KEY_UIApplicationSupportsIndirectInputEvents = YES;
				INFOPLIST_KEY_UILaunchStoryboardName = LaunchScreen;
				INFOPLIST_KEY_UIMainStoryboardFile = Main;
				INFOPLIST_KEY_UISupportedInterfaceOrientations_iPad = "UIInterfaceOrientationPortrait UIInterfaceOrientationPortraitUpsideDown UIInterfaceOrientationLandscapeLeft UIInterfaceOrientationLandscapeRight";
				INFOPLIST_KEY_UISupportedInterfaceOrientations_iPhone = "UIInterfaceOrientationPortrait UIInterfaceOrientationLandscapeLeft UIInterfaceOrientationLandscapeRight";
				LD_RUNPATH_SEARCH_PATHS = (
					"$(inherited)",
					"@executable_path/Frameworks",
				);
				MARKETING_VERSION = 1.0;
				PRODUCT_BUNDLE_IDENTIFIER = "com.thefiltitoff.ToDoList-Realm";
				PRODUCT_NAME = "$(TARGET_NAME)";
				SWIFT_EMIT_LOC_STRINGS = YES;
				SWIFT_VERSION = 5.0;
				TARGETED_DEVICE_FAMILY = 1;
			};
			name = Debug;
		};
		2B97411A2897C781000C3373 /* Release */ = {
			isa = XCBuildConfiguration;
			baseConfigurationReference = A0A836F11F08EBBD4DD4A416 /* Pods-ToDoList_Realm.release.xcconfig */;
			buildSettings = {
				ASSETCATALOG_COMPILER_APPICON_NAME = AppIcon;
				ASSETCATALOG_COMPILER_GLOBAL_ACCENT_COLOR_NAME = AccentColor;
				CODE_SIGN_STYLE = Automatic;
				CURRENT_PROJECT_VERSION = 1;
				DEVELOPMENT_TEAM = RB3BCBLCA6;
				GENERATE_INFOPLIST_FILE = YES;
				INFOPLIST_FILE = ToDoList_Realm/App/Info.plist;
				INFOPLIST_KEY_UIApplicationSupportsIndirectInputEvents = YES;
				INFOPLIST_KEY_UILaunchStoryboardName = LaunchScreen;
				INFOPLIST_KEY_UIMainStoryboardFile = Main;
				INFOPLIST_KEY_UISupportedInterfaceOrientations_iPad = "UIInterfaceOrientationPortrait UIInterfaceOrientationPortraitUpsideDown UIInterfaceOrientationLandscapeLeft UIInterfaceOrientationLandscapeRight";
				INFOPLIST_KEY_UISupportedInterfaceOrientations_iPhone = "UIInterfaceOrientationPortrait UIInterfaceOrientationLandscapeLeft UIInterfaceOrientationLandscapeRight";
				LD_RUNPATH_SEARCH_PATHS = (
					"$(inherited)",
					"@executable_path/Frameworks",
				);
				MARKETING_VERSION = 1.0;
				PRODUCT_BUNDLE_IDENTIFIER = "com.thefiltitoff.ToDoList-Realm";
				PRODUCT_NAME = "$(TARGET_NAME)";
				SWIFT_EMIT_LOC_STRINGS = YES;
				SWIFT_VERSION = 5.0;
				TARGETED_DEVICE_FAMILY = 1;
			};
			name = Release;
		};
/* End XCBuildConfiguration section */

/* Begin XCConfigurationList section */
		2B9740FF2897C77D000C3373 /* Build configuration list for PBXProject "ToDoList_Realm" */ = {
			isa = XCConfigurationList;
			buildConfigurations = (
				2B9741162897C781000C3373 /* Debug */,
				2B9741172897C781000C3373 /* Release */,
			);
			defaultConfigurationIsVisible = 0;
			defaultConfigurationName = Release;
		};
		2B9741182897C781000C3373 /* Build configuration list for PBXNativeTarget "ToDoList_Realm" */ = {
			isa = XCConfigurationList;
			buildConfigurations = (
				2B9741192897C781000C3373 /* Debug */,
				2B97411A2897C781000C3373 /* Release */,
			);
			defaultConfigurationIsVisible = 0;
			defaultConfigurationName = Release;
		};
/* End XCConfigurationList section */
	};
	rootObject = 2B9740FC2897C77D000C3373 /* Project object */;
}
